# This file is autogenerated, do not edit; changes may be undone by the next 'dep ensure'.


[[projects]]
  digest = "1:f958a1c137db276e52f0b50efee41a1a389dcdded59a69711f3e872757dab34b"
  name = "github.com/golang/protobuf"
  packages = ["proto"]
  pruneopts = ""
  revision = "b4deda0973fb4c70b50d226b1af49f3da59f5265"
  version = "v1.1.0"

[[projects]]
  branch = "master"
  digest = "1:98219b20d296a0031fdb434d30ca6e109623a09530a76cf57e41c94bd1e391a0"
  name = "golang.org/x/net"
  packages = ["context"]
  pruneopts = ""
  revision = "c39426892332e1bb5ec0a434a079bf82f5d30c54"

[[projects]]
  digest = "1:c1771ca6060335f9768dff6558108bc5ef6c58506821ad43377ee23ff059e472"
  name = "google.golang.org/appengine"
  packages = [
    ".",
    "internal",
    "internal/app_identity",
    "internal/base",
    "internal/datastore",
    "internal/log",
    "internal/modules",
    "internal/remote_api",
  ]
  pruneopts = ""
  revision = "b1f26356af11148e710935ed1ac8a7f5702c7612"
  version = "v1.1.0"

[solve-meta]
  analyzer-name = "dep"
  analyzer-version = 1
  input-imports = ["google.golang.org/appengine"]
  solver-name = "gps-cdcl"
  solver-version = 1
